lockfileVersion: '9.0'

settings:
  autoInstallPeers: true
  excludeLinksFromLockfile: false

importers:

  .:
    dependencies:
      '@alicloud/lingmou20250527':
        specifier: 1.8.0
        version: 1.8.0
      '@alicloud/openapi-core':
        specifier: 1.0.8
        version: 1.0.8
      '@epicgames-ps/lib-pixelstreamingfrontend-ue5.5':
        specifier: latest
        version: 1.3.0
      '@mediapipe/tasks-vision':
        specifier: 1.0.1
        version: 1.0.1
      '@next/third-parties':
        specifier: latest
        version: 16.2.12(next@16.2.12(react-dom@19.2.8(react@19.2.8))(react@19.2.8))(react@19.2.8)
      hls.js:
        specifier: ^1.6.16
        version: 1.6.16
      lucide-react:
        specifier: latest
        version: 1.27.0(react@19.2.8)
      next:
        specifier: latest
        version: 16.2.12(react-dom@19.2.8(react@19.2.8))(react@19.2.8)
      react:
        specifier: latest
        version: 19.2.8
      react-dom:
        specifier: latest
        version: 19.2.8(react@19.2.8)
      three:
        specifier: 0.185.1
        version: 0.185.1
    devDependencies:
      '@types/node':
        specifier: latest
        version: 26.1.2
      '@types/react':
        specifier: latest
        version: 19.2.17
      '@types/react-dom':
        specifier: latest
        version: 19.2.3(@types/react@19.2.17)
      typescript:
        specifier: ^5.9.3
        version: 5.9.3

packages:

  '@alicloud/credentials@2.4.7':
    resolution: {integrity: sha512-pVeLM4Mjdh2PSs+h36CDBOCsvXyZTBG3tgT7chzH8jqWgVGU4UIgYw2h76ZviBpqADFPs3QReYg2AX/gzmqwOw==}

  '@alicloud/darabonba-array@0.1.2':
    resolution: {integrity: sha512-ZPuQ+bJyjrd8XVVm55kl+ypk7OQoi1ZH/DiToaAEQaGvgEjrTcvQkg71//vUX/6cvbLIF5piQDvhrLb+lUEIPQ==}

  '@alicloud/darabonba-encode-util@0.0.1':
    resolution: {integrity: sha512-Sl5vCRVAYMqwmvXpJLM9hYoCHOMsQlGxaWSGhGWulpKk/NaUBArtoO1B0yHruJf1C5uHhEJIaylYcM48icFHgw==}

  '@alicloud/darabonba-encode-util@0.0.2':
    resolution: {integrity: sha512-mlsNctkeqmR0RtgE1Rngyeadi5snLOAHBCWEtYf68d7tyKskosXDTNeZ6VCD/UfrUu4N51ItO8zlpfXiOgeg3A==}

  '@alicloud/darabonba-map@0.0.1':
    resolution: {integrity: sha512-2ep+G3YDvuI+dRYVlmER1LVUQDhf9kEItmVB/bbEu1pgKzelcocCwAc79XZQjTcQGFgjDycf3vH87WLDGLFMlw==}

  '@alicloud/darabonba-signature-util@0.0.4':
    resolution: {integrity: sha512-I1TtwtAnzLamgqnAaOkN0IGjwkiti//0a7/auyVThdqiC/3kyafSAn6znysWOmzub4mrzac2WiqblZKFcN5NWg==}

  '@alicloud/darabonba-string@1.0.3':
    resolution: {integrity: sha512-NyWwrU8cAIesWk3uHL1Q7pTDTqLkCI/0PmJXC4/4A0MFNAZ9Ouq0iFBsRqvfyUujSSM+WhYLuTfakQXiVLkTMA==}

  '@alicloud/endpoint-util@0.0.1':
    resolution: {integrity: sha512-+pH7/KEXup84cHzIL6UJAaPqETvln4yXlD9JzlrqioyCSaWxbug5FUobsiI6fuUOpw5WwoB3fWAtGbFnJ1K3Yg==}

  '@alicloud/gateway-pop@0.0.6':
    resolution: {integrity: sha512-KF4I+JvfYuLKc3fWeWYIZ7lOVJ9jRW0sQXdXidZn1DKZ978ncfGf7i0LBfONGk4OxvNb/HD3/0yYhkgZgPbKtA==}

  '@alicloud/gateway-spi@0.0.8':
    resolution: {integrity: sha512-KM7fu5asjxZPmrz9sJGHJeSU+cNQNOxW+SFmgmAIrITui5hXL2LB+KNRuzWmlwPjnuA2X3/keq9h6++S9jcV5g==}

  '@alicloud/lingmou20250527@1.8.0':
    resolution: {integrity: sha512-EX+ytYZ7RG9Jyb7KIDx0JFxBb9gd+3gV+wQ1xUuZhwMujOKQXIDsyY0Rj2BNVTmzbOzhar9RCDUqJaPzuoo8hQ==}

  '@alicloud/openapi-core@1.0.8':
    resolution: {integrity: sha512-xs8LdgMDcEUqv13kZ4nl+Vd+Fc1mixTF0g1lm5QSrNWDaLUUD5vqpuMtvUZnKNnq9PITfUQ+8KunAvNQJpFo8g==}

  '@alicloud/openapi-util@0.3.3':
    resolution: {integrity: sha512-vf0cQ/q8R2U7ZO88X5hDiu1yV3t/WexRj+YycWxRutkH/xVXfkmpRgps8lmNEk7Ar+0xnY8+daN2T+2OyB9F4A==}

  '@alicloud/tea-typescript@1.8.0':
    resolution: {integrity: sha512-CWXWaquauJf0sW30mgJRVu9aaXyBth5uMBCUc+5vKTK1zlgf3hIqRUjJZbjlwHwQ5y9anwcu18r48nOZb7l2QQ==}

  '@alicloud/tea-util@1.4.11':
    resolution: {integrity: sha512-HyPEEQ8F0WoZegiCp7sVdrdm6eBOB+GCvGl4182u69LDFktxfirGLcAx3WExUr1zFWkq2OSmBroTwKQ4w/+Yww==}

  '@darabonba/typescript@1.0.5':
    resolution: {integrity: sha512-pfxHFVM8I3h8K2o8skpDQLMmR5iAeQ2eNpP1HrKDEm/9ZPF8aKwDKPwwEszT1NnIo0Y3++E7x1YsVkVpGjA/xw==}

  '@emnapi/runtime@1.11.3':
    resolution: {integrity: sha512-Xz4Tpyki7XyrpbUK1jR1AhdAdaXyhhY4lZ3neLodmhpuWfy2PAQN5B46sAiU4liOXGLkHypn/qU+jvfWSCYYLA==}

  '@epicgames-ps/lib-pixelstreamingcommon-ue5.5@0.3.3':
    resolution: {integrity: sha512-0+XxvoUNbOpadtLv7um9Jifyn/AL+GE6JWkjzjFTmoqMq1uH1Auw6z7Z/GkPAvOWtAut4gXqsg0In6UeTEvc3Q==}

  '@epicgames-ps/lib-pixelstreamingfrontend-ue5.5@1.3.0':
    resolution: {integrity: sha512-VjJe6j/Rg9NDdrUdQddrD6QGR6fRlCfe9pzyncY0qi2b9jxTbQbLOB0fZDLbO4zI3yVHZ25EWzEsXDNTJLnDHQ==}

  '@img/colour@1.1.0':
    resolution: {integrity: sha512-Td76q7j57o/tLVdgS746cYARfSyxk8iEfRxewL9h4OMzYhbW4TAcppl0mT4eyqXddh6L/jwoM75mo7ixa/pCeQ==}
    engines: {node: '>=18'}

  '@img/sharp-darwin-arm64@0.34.5':
    resolution: {integrity: sha512-imtQ3WMJXbMY4fxb/Ndp6HBTNVtWCUI0WdobyheGf5+ad6xX8VIDO8u2xE4qc/fr08CKG/7dDseFtn6M6g/r3w==}
    engines: {node: ^18.17.0 || ^20.3.0 || >=21.0.0}
    cpu: [arm64]
    os: [darwin]

  '@img/sharp-darwin-x64@0.34.5':
    resolution: {integrity: sha512-YNEFAF/4KQ/PeW0N+r+aVVsoIY0/qxxikF2SWdp+NRkmMB7y9LBZAVqQ4yhGCm/H3H270OSykqmQMKLBhBJDEw==}
    engines: {node: ^18.17.0 || ^20.3.0 || >=21.0.0}
    cpu: [x64]
    os: [darwin]

  '@img/sharp-libvips-darwin-arm64@1.2.4':
    resolution: {integrity: sha512-zqjjo7RatFfFoP0MkQ51jfuFZBnVE2pRiaydKJ1G/rHZvnsrHAOcQALIi9sA5co5xenQdTugCvtb1cuf78Vf4g==}
    cpu: [arm64]
    os: [darwin]

  '@img/sharp-libvips-darwin-x64@1.2.4':
    resolution: {integrity: sha512-1IOd5xfVhlGwX+zXv2N93k0yMONvUlANylbJw1eTah8K/Jtpi15KC+WSiaX/nBmbm2HxRM1gZ0nSdjSsrZbGKg==}
    cpu: [x64]
    os: [darwin]

  '@img/sharp-libvips-linux-arm64@1.2.4':
    resolution: {integrity: sha512-excjX8DfsIcJ10x1Kzr4RcWe1edC9PquDRRPx3YVCvQv+U5p7Yin2s32ftzikXojb1PIFc/9Mt28/y+iRklkrw==}
    cpu: [arm64]
    os: [linux]
    libc: [glibc]

  '@img/sharp-libvips-linux-arm@1.2.4':
    resolution: {integrity: sha512-bFI7xcKFELdiNCVov8e44Ia4u2byA+l3XtsAj+Q8tfCwO6BQ8iDojYdvoPMqsKDkuoOo+X6HZA0s0q11ANMQ8A==}
    cpu: [arm]
    os: [linux]
    libc: [glibc]

  '@img/sharp-libvips-linux-ppc64@1.2.4':
    resolution: {integrity: sha512-FMuvGijLDYG6lW+b/UvyilUWu5Ayu+3r2d1S8notiGCIyYU/76eig1UfMmkZ7vwgOrzKzlQbFSuQfgm7GYUPpA==}
    cpu: [ppc64]
    os: [linux]
    libc: [glibc]

  '@img/sharp-libvips-linux-riscv64@1.2.4':
    resolution: {integrity: sha512-oVDbcR4zUC0ce82teubSm+x6ETixtKZBh/qbREIOcI3cULzDyb18Sr/Wcyx7NRQeQzOiHTNbZFF1UwPS2scyGA==}
    cpu: [riscv64]
    os: [linux]
    libc: [glibc]

  '@img/sharp-libvips-linux-s390x@1.2.4':
    resolution: {integrity: sha512-qmp9VrzgPgMoGZyPvrQHqk02uyjA0/QrTO26Tqk6l4ZV0MPWIW6LTkqOIov+J1yEu7MbFQaDpwdwJKhbJvuRxQ==}
    cpu: [s390x]
    os: [linux]
    libc: [glibc]

  '@img/sharp-libvips-linux-x64@1.2.4':
    resolution: {integrity: sha512-tJxiiLsmHc9Ax1bz3oaOYBURTXGIRDODBqhveVHonrHJ9/+k89qbLl0bcJns+e4t4rvaNBxaEZsFtSfAdquPrw==}
    cpu: [x64]
    os: [linux]
    libc: [glibc]

  '@img/sharp-libvips-linuxmusl-arm64@1.2.4':
    resolution: {integrity: sha512-FVQHuwx1IIuNow9QAbYUzJ+En8KcVm9Lk5+uGUQJHaZmMECZmOlix9HnH7n1TRkXMS0pGxIJokIVB9SuqZGGXw==}
    cpu: [arm64]
    os: [linux]
    libc: [musl]

  '@img/sharp-libvips-linuxmusl-x64@1.2.4':
    resolution: {integrity: sha512-+LpyBk7L44ZIXwz/VYfglaX/okxezESc6UxDSoyo2Ks6Jxc4Y7sGjpgU9s4PMgqgjj1gZCylTieNamqA1MF7Dg==}
    cpu: [x64]
    os: [linux]
    libc: [musl]

  '@img/sharp-linux-arm64@0.34.5':
    resolution: {integrity: sha512-bKQzaJRY/bkPOXyKx5EVup7qkaojECG6NLYswgktOZjaXecSAeCWiZwwiFf3/Y+O1HrauiE3FVsGxFg8c24rZg==}
    engines: {node: ^18.17.0 || ^20.3.0 || >=21.0.0}
    cpu: [arm64]
    os: [linux]
    libc: [glibc]

  '@img/sharp-linux-arm@0.34.5':
    resolution: {integrity: sha512-9dLqsvwtg1uuXBGZKsxem9595+ujv0sJ6Vi8wcTANSFpwV/GONat5eCkzQo/1O6zRIkh0m/8+5BjrRr7jDUSZw==}
    engines: {node: ^18.17.0 || ^20.3.0 || >=21.0.0}
    cpu: [arm]
    os: [linux]
    libc: [glibc]

  '@img/sharp-linux-ppc64@0.34.5':
    resolution: {integrity: sha512-7zznwNaqW6YtsfrGGDA6BRkISKAAE1Jo0QdpNYXNMHu2+0dTrPflTLNkpc8l7MUP5M16ZJcUvysVWWrMefZquA==}
    engines: {node: ^18.17.0 || ^20.3.0 || >=21.0.0}
    cpu: [ppc64]
    os: [linux]
    libc: [glibc]

  '@img/sharp-linux-riscv64@0.34.5':
    resolution: {integrity: sha512-51gJuLPTKa7piYPaVs8GmByo7/U7/7TZOq+cnXJIHZKavIRHAP77e3N2HEl3dgiqdD/w0yUfiJnII77PuDDFdw==}
    engines: {node: ^18.17.0 || ^20.3.0 || >=21.0.0}
    cpu: [riscv64]
    os: [linux]
    libc: [glibc]

  '@img/sharp-linux-s390x@0.34.5':
    resolution: {integrity: sha512-nQtCk0PdKfho3eC5MrbQoigJ2gd1CgddUMkabUj+rBevs8tZ2cULOx46E7oyX+04WGfABgIwmMC0VqieTiR4jg==}
    engines: {node: ^18.17.0 || ^20.3.0 || >=21.0.0}
    cpu: [s390x]
    os: [linux]
    libc: [glibc]

  '@img/sharp-linux-x64@0.34.5':
    resolution: {integrity: sha512-MEzd8HPKxVxVenwAa+JRPwEC7QFjoPWuS5NZnBt6B3pu7EG2Ge0id1oLHZpPJdn3OQK+BQDiw9zStiHBTJQQQQ==}
    engines: {node: ^18.17.0 || ^20.3.0 || >=21.0.0}
    cpu: [x64]
    os: [linux]
    libc: [glibc]

  '@img/sharp-linuxmusl-arm64@0.34.5':
    resolution: {integrity: sha512-fprJR6GtRsMt6Kyfq44IsChVZeGN97gTD331weR1ex1c1rypDEABN6Tm2xa1wE6lYb5DdEnk03NZPqA7Id21yg==}
    engines: {node: ^18.17.0 || ^20.3.0 || >=21.0.0}
    cpu: [arm64]
    os: [linux]
    libc: [musl]

  '@img/sharp-linuxmusl-x64@0.34.5':
    resolution: {integrity: sha512-Jg8wNT1MUzIvhBFxViqrEhWDGzqymo3sV7z7ZsaWbZNDLXRJZoRGrjulp60YYtV4wfY8VIKcWidjojlLcWrd8Q==}
    engines: {node: ^18.17.0 || ^20.3.0 || >=21.0.0}
    cpu: [x64]
    os: [linux]
    libc: [musl]

  '@img/sharp-wasm32@0.34.5':
    resolution: {integrity: sha512-OdWTEiVkY2PHwqkbBI8frFxQQFekHaSSkUIJkwzclWZe64O1X4UlUjqqqLaPbUpMOQk6FBu/HtlGXNblIs0huw==}
    engines: {node: ^18.17.0 || ^20.3.0 || >=21.0.0}
    cpu: [wasm32]

  '@img/sharp-win32-arm64@0.34.5':
    resolution: {integrity: sha512-WQ3AgWCWYSb2yt+IG8mnC6Jdk9Whs7O0gxphblsLvdhSpSTtmu69ZG1Gkb6NuvxsNACwiPV6cNSZNzt0KPsw7g==}
    engines: {node: ^18.17.0 || ^20.3.0 || >=21.0.0}
    cpu: [arm64]
    os: [win32]

  '@img/sharp-win32-ia32@0.34.5':
    resolution: {integrity: sha512-FV9m/7NmeCmSHDD5j4+4pNI8Cp3aW+JvLoXcTUo0IqyjSfAZJ8dIUmijx1qaJsIiU+Hosw6xM5KijAWRJCSgNg==}
    engines: {node: ^18.17.0 || ^20.3.0 || >=21.0.0}
    cpu: [ia32]
    os: [win32]

  '@img/sharp-win32-x64@0.34.5':
    resolution: {integrity: sha512-+29YMsqY2/9eFEiW93eqWnuLcWcufowXewwSNIT6UwZdUUCrM3oFjMWH/Z6/TMmb4hlFenmfAVbpWeup2jryCw==}
    engines: {node: ^18.17.0 || ^20.3.0 || >=21.0.0}
    cpu: [x64]
    os: [win32]

  '@mediapipe/tasks-vision@1.0.1':
    resolution: {integrity: sha512-rvRE2FmAZ6ZxKSw7wq+e+jQDpN3t1B/tD2mJz9SmAzb1msoDkd4dMoE4wAh8Z30Um0PQwLiHr9QtomhmXk3aUQ==}

  '@next/env@16.2.12':
    resolution: {integrity: sha512-d0Z5Bc13Fa4nR8pFAKx2jay2yhJM16vlfHbTzYnUQAxlNb6B6lmn4hjt69lYNt4kRtyYP6gEM49lPRHNbIyneg==}

  '@next/swc-darwin-arm64@16.2.12':
    resolution: {integrity: sha512-0W1R0teHWJrqKX0FH20IzzIWAOuGtBxPGuObrxy1lE8hQvCFj49KE8a3WUg0D7sq6rn6zkM4c7YGUnhudBS6oA==}
    engines: {node: '>= 10'}
    cpu: [arm64]
    os: [darwin]

  '@next/swc-darwin-x64@16.2.12':
    resolution: {integrity: sha512-Hy5Ls099+aFUmOLmIgPfLqNi6iCwhL3uQCssz5rWk+5Nkc6TUKCE83DY5BbNylfm3+mfwcSFnLRfrZDJhVxdtw==}
    engines: {node: '>= 10'}
    cpu: [x64]
    os: [darwin]

  '@next/swc-linux-arm64-gnu@16.2.12':
    resolution: {integrity: sha512-+YqU2h1cQkHsGfvjAsrSmst8UIFBibBGm5x3Xgel8NLMiDQtNOM4sM2GOEMvG5YiOBNeN/Ykk8cQC2S0Xrqljg==}
    engines: {node: '>= 10'}
    cpu: [arm64]
    os: [linux]
    libc: [glibc]

  '@next/swc-linux-arm64-musl@16.2.12':
    resolution: {integrity: sha512-0qjhiYBaKAqF63LA1ZWAAnKTzFUguAaZiRa5etMLGGPj/B6uEVjtIZldIzFEp3wHlB0koK6aTzqPtSdplTCjoA==}
    engines: {node: '>= 10'}
    cpu: [arm64]
    os: [linux]
    libc: [musl]

  '@next/swc-linux-x64-gnu@16.2.12':
    resolution: {integrity: sha512-7A3q26W+h7gnA15uqBToNuDqBEFZZcqh0mW2mn4AJh/G5pdg2RVE3n4slzLEliASZFG3NmsbEzng/x2Sh09mBg==}
    engines: {node: '>= 10'}
    cpu: [x64]
    os: [linux]
    libc: [glibc]

  '@next/swc-linux-x64-musl@16.2.12':
    resolution: {integrity: sha512-qSjL/uppm+cbh21s72Ss8gkiOhQ4dExWHNGOWy6eZV7STj5WsKehgxT61beSsOj+YYQuTplL376lOCdMQU5T8w==}
    engines: {node: '>= 10'}
    cpu: [x64]
    os: [linux]
    libc: [musl]

  '@next/swc-win32-arm64-msvc@16.2.12':
    resolution: {integrity: sha512-X6hzsOUJac/e7AWSbn9gQ9nzHld1xWP5iyjHpYWvud8pufB679O1xg4JDyKr8Xd69Jvd+kM2Der6uftiZCmjYA==}
    engines: {node: '>= 10'}
    cpu: [arm64]
    os: [win32]

  '@next/swc-win32-x64-msvc@16.2.12':
    resolution: {integrity: sha512-F6fakeHuFTLOPt0bslQJdf+xtT+WIP9DVn/m4y1w1mRnVPyh3D/cNvzlRkxM444xfm+IvvYNSOrKiA2CDJ0Uxw==}
    engines: {node: '>= 10'}
    cpu: [x64]
    os: [win32]

  '@next/third-parties@16.2.12':
    resolution: {integrity: sha512-1fHKgERSVcgC0QfPJq2v96l6pLUdbVdkT0bjJYK8MguKTVjPd734kWBxfd77nPUG4N5F9s+qVdVjpEBm1tlwNQ==}
    peerDependencies:
      next: ^13.0.0 || ^14.0.0 || ^15.0.0 || ^16.0.0-beta.0
      react: ^18.2.0 || 19.0.0-rc-de68d2f4-20241204 || ^19.0.0

  '@protobuf-ts/runtime@2.11.1':
    resolution: {integrity: sha512-KuDaT1IfHkugM2pyz+FwiY80ejWrkH1pAtOBOZFuR6SXEFTsnb/jiQWQ1rCIrcKx2BtyxnxW6BWwsVSA/Ie+WQ==}

  '@swc/helpers@0.5.15':
    resolution: {integrity: sha512-JQ5TuMi45Owi4/BIMAJBoSQoOJu12oOk/gADqlcUL9JEdHB8vyjUSsxqeNXnmXHjYKMi2WcYtezGEEhqUI/E2g==}

  '@tootallnate/once@2.0.1':
    resolution: {integrity: sha512-HqmEUIGRJ5fSXchkVgR5F7qn48bDBzv0kWj/Kfu5e6uci4UlEeng4331LnBkWffb++Ei3FOVLxo8JJWMFBDMeQ==}
    engines: {node: '>= 10'}

  '@types/node@12.20.55':
    resolution: {integrity: sha512-J8xLz7q2OFulZ2cyGTLE1TbbZcjpno7FaN6zdJNrgAdrJ+DZzh/uFR6YrTb4C+nXakvud8Q4+rbhoIWlYQbUFQ==}

  '@types/node@20.19.43':
    resolution: {integrity: sha512-6oYBAi5ikg4Pl+kGsoYtawUMBT2zZMCvPNF7pVLnHZfd1zf38DRiWn/gT01RYCdUqkv7Fhr+C9ot4/tb+2sVvA==}

  '@types/node@22.20.2':
    resolution: {integrity: sha512-xlvWf4Vs9n1PEVYwP1n4vvG07M6y8WgvJ2t0vbrWTmijsIHp1cS+uJ2kMIRdY3nHZK0nCYKrPeD171+SzF4/zw==}

  '@types/node@26.1.2':
    resolution: {integrity: sha512-Vu4a5UFA9rIIFJ7rB/Vaafh9lrCQszopTCx6KjFboXTGQbPNasehVR5TEiithSDGyd1DEiUByggTZsg8jukeIg==}

  '@types/node@26.5.1':
    resolution: {integrity: sha512-CzNm2FezW4VR/LjG6yUdiEgLE/rAQ9Slj5gCu/C2VrdcW7I0ahNZ8DRbHT7zOZ6r3ONgd/bsQIeSaoDGrd1C6g==}

  '@types/react-dom@19.2.3':
    resolution: {integrity: sha512-jp2L/eY6fn+KgVVQAOqYItbF0VY/YApe5Mz2F0aykSO8gx31bYCZyvSeYxCHKvzHG5eZjc+zyaS5BrBWya2+kQ==}
    peerDependencies:
      '@types/react': ^19.2.0

  '@types/react@19.2.17':
    resolution: {integrity: sha512-MXfmqaVPEVgkBT/aY0aGCkRWWtByiYQXo3xdQ8r5RzuFrPiRn8Gar2tQdXSUQ2GKV3bkXckek89V8wQBY2Q/Aw==}

  '@types/ws@8.18.1':
    resolution: {integrity: sha512-ThVF6DCVhA8kUGy+aazFQ4kXQ7E1Ty7A3ypFOe0IcJV8O/M511G99AW24irKrW56Wt44yG9+ij8FaqoBGkuBXg==}

  agent-base@6.0.2:
    resolution: {integrity: sha512-RZNwNclF7+MS/8bDg70amg32dyeZGZxiDuQmZxKLAlQjr3jGyLx+4Kkk58UO7D2QdgFIQCovuSuZESne6RG6XQ==}
    engines: {node: '>= 6.0.0'}

  baseline-browser-mapping@2.11.5:
    resolution: {integrity: sha512-xJo6a6YZnwZfnyGmQKWMbVOcii7XRibjOskRh+WJ9UHQoX16xrQrcIgAMQOzfvs8XiLMx6ih/fsLPF73iY2D1A==}
    engines: {node: '>=6.0.0'}
    hasBin: true

  caniuse-lite@1.0.30001806:
    resolution: {integrity: sha512-72Cuvd95zbSYPKq6Fhg8eDJRlzgWDf7/mtoZv6Qe/DYNCEBdNxoA3+rZAU2ZhGCpZlns3EssFavaZomckT5Uuw==}

  client-only@0.0.1:
    resolution: {integrity: sha512-IV3Ou0jSMzZrd3pZ48nLkT9DA7Ag1pnPzaiQhpW7c3RbcqqzvzzVu+L8gfqMp/8IM2MQtSiqaCxrrcfu8I8rMA==}

  csstype@3.2.3:
    resolution: {integrity: sha512-z1HGKcYy2xA8AGQfwrn0PAy+PB7X/GSj3UVJW9qKyn43xWa+gl5nXmU4qqLMRzWVLFC8KusUX8T/0kCiOYpAIQ==}

  debug@4.4.3:
    resolution: {integrity: sha512-RGwwWnwQvkVfavKVt22FGLw+xYSdzARwm0ru6DhTVA3umU5hZc28V3kO4stgYryrTlLpuvgI9GiijltAjNbcqA==}
    engines: {node: '>=6.0'}
    peerDependencies:
      supports-color: '*'
    peerDependenciesMeta:
      supports-color:
        optional: true

  detect-libc@2.1.2:
    resolution: {integrity: sha512-Btj2BOOO83o3WyH59e8MgXsxEQVcarkUOpEYrubB0urwnN10yQ364rsiByU11nZlqWYZm05i/of7io4mzihBtQ==}
    engines: {node: '>=8'}

  hls.js@1.6.16:
    resolution: {integrity: sha512-VSIRpLfRwlAAdGL4wiTucx2ScRipo0ed1FBatWkyt832jC4CReKstga6yIhYVwGu9LOBjuX9wzmRMeQdBJtzEA==}

  http-proxy-agent@5.0.0:
    resolution: {integrity: sha512-n2hY8YdoRE1i7r6M0w9DIw5GgZN0G25P8zLCRQ8rjXtTU3vsNFBI/vWK/UIeE6g5MUUz6avwAPXmL6Fy9D/90w==}
    engines: {node: '>= 6'}

  https-proxy-agent@5.0.1:
    resolution: {integrity: sha512-dFcAjpTQFgoLMzC2VwU+C/CbS7uRL0lWmxDITmqm7C+7F0Odmj6s9l6alZc6AELXhrnggM2CeWSXHGOdX2YtwA==}
    engines: {node: '>= 6'}

  httpx@2.3.3:
    resolution: {integrity: sha512-k1qv94u1b6e+XKCxVbLgYlOypVP9MPGpnN5G/vxFf6tDO4V3xpz3d6FUOY/s8NtPgaq5RBVVgSB+7IHpVxMYzw==}

  ini@1.3.8:
    resolution: {integrity: sha512-JV/yugV2uzW5iMRSiZAyDtQd+nxtUnjeLt0acNdw98kKLrvuRVyB80tsREOE7yvGVgalhZ6RNXCmEHkUKBKxew==}

  ip-address@10.7.0:
    resolution: {integrity: sha512-BGFsyJd5mpXp3rK6jIdADLNgpJUK1jnjzvYF8lK+VyDab9JAmqN0YOKDdP17HlgKb2+ehPgDc8EtnRLbGCAMhA==}
    engines: {node: '>= 12'}

  kitx@2.2.0:
    resolution: {integrity: sha512-tBMwe6AALTBQJb0woQDD40734NKzb0Kzi3k7wQj9ar3AbP9oqhoVrdXPh7rk2r00/glIgd0YbToIUJsnxWMiIg==}

  lodash@4.18.1:
    resolution: {integrity: sha512-dMInicTPVE8d1e5otfwmmjlxkZoUpiVLwyeTdUsi/Caj/gfzzblBcCE5sRHV/AsjuCmxWrte2TNGSYuCeCq+0Q==}

  lucide-react@1.27.0:
    resolution: {integrity: sha512-rJicGl/3Fly/E0rOH1YmPZ6e49JCnKknh1ox1vpHnkfjujAkKA6sqUZvH3MTAaXXjgexyUwgNwTJzTtYuAFYJw==}
    peerDependencies:
      react: ^16.5.1 || ^17.0.0 || ^18.0.0 || ^19.0.0

  moment-timezone@0.5.48:
    resolution: {integrity: sha512-f22b8LV1gbTO2ms2j2z13MuPogNoh5UzxL3nzNAYKGraILnbGc9NEE6dyiiiLv46DGRb8A4kg8UKWLjPthxBHw==}

  moment@2.30.1:
    resolution: {integrity: sha512-uEmtNhbDOrWPFS+hdjFCBfy9f2YoyzRpwcl+DqpC6taX21FzsTLQVbMV/W7PzNSX6x/bhC1zA3c2UQ5NzH6how==}

  ms@2.1.3:
    resolution: {integrity: sha512-6FlzubTLZG3J2a/NVCAleEhjzq5oxgHyaCU9yYXvcLsvoVaHJq/s5xXI6/XXP6tz7R9xAOtHnSO/tXtF3WRTlA==}

  nanoid@3.3.16:
    resolution: {integrity: sha512-bzlKTyNJ7+LdGIIwy8ijFpIqEQIvafahV7eYykJ8Cvh42EdJeODoJ6gUJXpQJvej1BddH8OqTXZNE/KfbWAu8Q==}
    engines: {node: ^10 || ^12 || ^13.7 || ^14 || >=15.0.1}
    hasBin: true

  next@16.2.12:
    resolution: {integrity: sha512-iD59eYQWmbFcEbX7v/acG5DRym9iw1DdaPoD0WTA920naWsE25wShzJW4+UvAs8MK9EC2kBfIH6vtto1H1PHGw==}
    engines: {node: '>=20.9.0'}
    hasBin: true
    peerDependencies:
      '@opentelemetry/api': ^1.1.0
      '@playwright/test': ^1.51.1
      babel-plugin-react-compiler: '*'
      react: ^18.2.0 || 19.0.0-rc-de68d2f4-20241204 || ^19.0.0
      react-dom: ^18.2.0 || 19.0.0-rc-de68d2f4-20241204 || ^19.0.0
      sass: ^1.3.0
    peerDependenciesMeta:
      '@opentelemetry/api':
        optional: true
      '@playwright/test':
        optional: true
      babel-plugin-react-compiler:
        optional: true
      sass:
        optional: true

  picocolors@1.1.1:
    resolution: {integrity: sha512-xceH2snhtb5M9liqDsmEw56le376mTZkEX/jEb/RxNFyegNul7eNslCXP9FDj/Lcu0X8KEyMceP2ntpaHrDEVA==}

  postcss@8.4.31:
    resolution: {integrity: sha512-PS08Iboia9mts/2ygV3eLpY5ghnUcfLV/EXTOW1E2qYxJKGGBUtNjN76FYHnMs36RmARn41bC0AZmn+rR0OVpQ==}
    engines: {node: ^10 || ^12 || >=14}

  react-dom@19.2.8:
    resolution: {integrity: sha512-rVprimfGBG3DR+Tq0IQG2DT5PxKth1WIGDmj5yPmlzr4YBe7uyE+Du4oVqTDXZSHGGGXRtTJEGSSePyQCMBglQ==}
    peerDependencies:
      react: ^19.2.8

  react@19.2.8:
    resolution: {integrity: sha512-PWaYA1L/q9u2u7xYQi+Y3L3Yfnie7XyLeaJICV1MGD6LprsBxcAqGjYyr0eY3p+QdsA+x/Irkt4Qif8D63+Sbw==}
    engines: {node: '>=0.10.0'}

  sax@1.6.1:
    resolution: {integrity: sha512-42tBVwLWnaQvW5zc4HbZrTuWccECCZfBi92FDuwtqxasH+JbPB3/FOKb1m222K42R4WxuxzzMsTswfzgtSu64Q==}
    engines: {node: '>=11.0.0'}

  scheduler@0.27.0:
    resolution: {integrity: sha512-eNv+WrVbKu1f3vbYJT/xtiF5syA5HPIMtf9IgY/nKg0sWqzAUEvqY/xm7OcZc/qafLx/iO9FgOmeSAp4v5ti/Q==}

  sdp@3.2.2:
    resolution: {integrity: sha512-xZocWwfyp4hkbN4hLWxMjmv2Q8aNa9MhmOZ7L9aCZPT+dZsgRr6wZRrSYE3HTdyk/2pZKPSgqI7ns7Een1xMSA==}

  semver@7.8.5:
    resolution: {integrity: sha512-Y7/KDsb8LjooZpwaqGyulO6DQlksgCncchHGk+sZIY4SBvUocMBEFH5Ur1fI4dV+Jvl0w6cjvucaIi40puRioA==}
    engines: {node: '>=10'}
    hasBin: true

  sharp@0.34.5:
    resolution: {integrity: sha512-Ou9I5Ft9WNcCbXrU9cMgPBcCK8LiwLqcbywW3t4oDV37n1pzpuNLsYiAV8eODnjbtQlSDwZ2cUEeQz4E54Hltg==}
    engines: {node: ^18.17.0 || ^20.3.0 || >=21.0.0}

  sm3@1.0.3:
    resolution: {integrity: sha512-KyFkIfr8QBlFG3uc3NaljaXdYcsbRy1KrSfc4tsQV8jW68jAktGeOcifu530Vx/5LC+PULHT0Rv8LiI8Gw+c1g==}

  smart-buffer@4.2.0:
    resolution: {integrity: sha512-94hK0Hh8rPqQl2xXc3HsaBoOXKV20MToPkcXvwbISWLEs+64sBq5kFgn2kJDHb1Pry9yrP0dxrCI9RRci7RXKg==}
    engines: {node: '>= 6.0.0', npm: '>= 3.0.0'}

  socks-proxy-agent@6.2.1:
    resolution: {integrity: sha512-a6KW9G+6B3nWZ1yB8G7pJwL3ggLy1uTzKAgCb7ttblwqdz9fMGJUuTy3uFzEP48FAs9FLILlmzDlE2JJhVQaXQ==}
    engines: {node: '>= 10'}

  socks@2.8.10:
    resolution: {integrity: sha512-e0VyvkVTwVYViNovRkZ9aodhxVlyoMn7eJhVUPxZ+eK9P/7CBkxvvsBOHqFPEH416726W8tLXXXjKwqgTErrCQ==}
    engines: {node: '>= 10.0.0', npm: '>= 3.0.0'}

  source-map-js@1.2.1:
    resolution: {integrity: sha512-UXWMKhLOwVKb728IUtQPXxfYU+usdybtUrK/8uGE8CQMvrhOpwvzDBwj0QhSL7MQc7vIsISBG8VQ8+IDQxpfQA==}
    engines: {node: '>=0.10.0'}

  styled-jsx@5.1.6:
    resolution: {integrity: sha512-qSVyDTeMotdvQYoHWLNGwRFJHC+i+ZvdBRYosOFgC+Wg1vx4frN2/RG/NA7SYqqvKNLf39P2LSRA2pu6n0XYZA==}
    engines: {node: '>= 12.0.0'}
    peerDependencies:
      '@babel/core': '*'
      babel-plugin-macros: '*'
      react: '>= 16.8.0 || 17.x.x || ^18.0.0-0 || ^19.0.0-0'
    peerDependenciesMeta:
      '@babel/core':
        optional: true
      babel-plugin-macros:
        optional: true

  third-party-capital@1.0.20:
    resolution: {integrity: sha512-oB7yIimd8SuGptespDAZnNkzIz+NWaJCu2RMsbs4Wmp9zSDUM8Nhi3s2OOcqYuv3mN4hitXc8DVx+LyUmbUDiA==}

  three@0.185.1:
    resolution: {integrity: sha512-5aojFCXKwnjBRZvUnt3WFfEcvUJgkN5LlijRFN95hMy8WVkG4I0QNcJE+OuWvuJ0bOdStrbfXn0pkd6/QyiAlg==}

  tslib@2.8.1:
    resolution: {integrity: sha512-oJFu94HQb+KVduSUQL7wnpmqnfmLsOA/nAh6b6EH0wCEoK0/mPeXU6c3wKDV83MkOuHPRHtSXKKU99IBazS/2w==}

  typescript@5.9.3:
    resolution: {integrity: sha512-jl1vZzPDinLr9eUt3J/t7V6FgNEw9QjvBPdysz9KfQDD41fQrC2Y4vKQdiaUpFT4bXlb1RHhLpp8wtm6M5TgSw==}
    engines: {node: '>=14.17'}
    hasBin: true

  undici-types@6.21.0:
    resolution: {integrity: sha512-iwDZqg0QAGrg9Rav5H4n0M64c3mkR59cJ6wQp+7C4nI0gsmExaedaYLNO44eT4AtBBwjbTiGPMlt2Md0T9H9JQ==}

  undici-types@8.3.0:
    resolution: {integrity: sha512-j375ScV60dom+YkPFIfTLcOiPxkN/buHz5GobjLhixFuANaNs3C9l4GmrWqejgXWJ7BbJcFYpTEUkS1Ge8bpZQ==}

  undici-types@8.9.0:
    resolution: {integrity: sha512-KTDyRTYX8sWmKXAikPHHSyc63CRPETMctyjKFupcC6OBLXT3xsN0e9aF7m+mIXutFWpUXuedtowG7iLOzp0kQg==}

  ws@8.21.1:
    resolution: {integrity: sha512-+0NTnW77fFN/DjQi6k/Sq/Yvk4Sgajw7urW8V+asjXnRgDs9gyGkdb7EzgfhA4goXsRIZKE28fzIXBHEzhuiWw==}
    engines: {node: '>=10.0.0'}
    peerDependencies:
      bufferutil: ^4.0.1
      utf-8-validate: '>=5.0.2'
    peerDependenciesMeta:
      bufferutil:
        optional: true
      utf-8-validate:
        optional: true

  xml2js@0.6.2:
    resolution: {integrity: sha512-T4rieHaC1EXcES0Kxxj4JWgaUQHDk+qwHcYOCFHfiwKz7tOVPLq7Hjq9dM1WCMhylqMEfP7hMcOIChvotiZegA==}
    engines: {node: '>=4.0.0'}

  xmlbuilder@11.0.1:
    resolution: {integrity: sha512-fDlsI/kFEx7gLvbecc0/ohLG50fugQp8ryHzMTuW9vSa1GJ0XYWKnhsUx7oie3G98+r56aTQIUB4kht42R3JvA==}
    engines: {node: '>=4.0'}

snapshots:

  '@alicloud/credentials@2.4.7':
    dependencies:
      '@alicloud/tea-typescript': 1.8.0
      httpx: 2.3.3
      ini: 1.3.8
      kitx: 2.2.0
    transitivePeerDependencies:
      - supports-color

  '@alicloud/darabonba-array@0.1.2':
    dependencies:
      '@alicloud/tea-typescript': 1.8.0
    transitivePeerDependencies:
      - supports-color

  '@alicloud/darabonba-encode-util@0.0.1':
    dependencies:
      '@alicloud/tea-typescript': 1.8.0
      moment: 2.30.1
    transitivePeerDependencies:
      - supports-color

  '@alicloud/darabonba-encode-util@0.0.2':
    dependencies:
      moment: 2.30.1

  '@alicloud/darabonba-map@0.0.1':
    dependencies:
      '@alicloud/tea-typescript': 1.8.0
    transitivePeerDependencies:
      - supports-color

  '@alicloud/darabonba-signature-util@0.0.4':
    dependencies:
      '@alicloud/darabonba-encode-util': 0.0.1
    transitivePeerDependencies:
      - supports-color

  '@alicloud/darabonba-string@1.0.3':
    dependencies:
      '@alicloud/tea-typescript': 1.8.0
    transitivePeerDependencies:
      - supports-color

  '@alicloud/endpoint-util@0.0.1':
    dependencies:
      '@alicloud/tea-typescript': 1.8.0
      kitx: 2.2.0
    transitivePeerDependencies:
      - supports-color

  '@alicloud/gateway-pop@0.0.6':
    dependencies:
      '@alicloud/credentials': 2.4.7
      '@alicloud/darabonba-array': 0.1.2
      '@alicloud/darabonba-encode-util': 0.0.2
      '@alicloud/darabonba-map': 0.0.1
      '@alicloud/darabonba-signature-util': 0.0.4
      '@alicloud/darabonba-string': 1.0.3
      '@alicloud/endpoint-util': 0.0.1
      '@alicloud/gateway-spi': 0.0.8
      '@alicloud/openapi-util': 0.3.3
      '@alicloud/tea-typescript': 1.8.0
      '@alicloud/tea-util': 1.4.11
    transitivePeerDependencies:
      - bufferutil
      - supports-color
      - utf-8-validate

  '@alicloud/gateway-spi@0.0.8':
    dependencies:
      '@alicloud/credentials': 2.4.7
      '@alicloud/tea-typescript': 1.8.0
    transitivePeerDependencies:
      - supports-color

  '@alicloud/lingmou20250527@1.8.0':
    dependencies:
      '@alicloud/openapi-core': 1.0.8
      '@darabonba/typescript': 1.0.5
    transitivePeerDependencies:
      - bufferutil
      - supports-color
      - utf-8-validate

  '@alicloud/openapi-core@1.0.8':
    dependencies:
      '@alicloud/credentials': 2.4.7
      '@alicloud/gateway-pop': 0.0.6
      '@alicloud/gateway-spi': 0.0.8
      '@darabonba/typescript': 1.0.5
    transitivePeerDependencies:
      - bufferutil
      - supports-color
      - utf-8-validate

  '@alicloud/openapi-util@0.3.3':
    dependencies:
      '@alicloud/tea-typescript': 1.8.0
      '@alicloud/tea-util': 1.4.11
      kitx: 2.2.0
      sm3: 1.0.3
    transitivePeerDependencies:
      - bufferutil
      - supports-color
      - utf-8-validate

  '@alicloud/tea-typescript@1.8.0':
    dependencies:
      '@types/node': 12.20.55
      httpx: 2.3.3
    transitivePeerDependencies:
      - supports-color

  '@alicloud/tea-util@1.4.11':
    dependencies:
      '@alicloud/tea-typescript': 1.8.0
      '@darabonba/typescript': 1.0.5
      kitx: 2.2.0
    transitivePeerDependencies:
      - bufferutil
      - supports-color
      - utf-8-validate

  '@darabonba/typescript@1.0.5':
    dependencies:
      '@alicloud/tea-typescript': 1.8.0
      http-proxy-agent: 5.0.0
      https-proxy-agent: 5.0.1
      httpx: 2.3.3
      lodash: 4.18.1
      moment: 2.30.1
      moment-timezone: 0.5.48
      socks-proxy-agent: 6.2.1
      ws: 8.21.1
      xml2js: 0.6.2
    transitivePeerDependencies:
      - bufferutil
      - supports-color
      - utf-8-validate

  '@emnapi/runtime@1.11.3':
    dependencies:
      tslib: 2.8.1
    optional: true

  '@epicgames-ps/lib-pixelstreamingcommon-ue5.5@0.3.3':
    dependencies:
      '@protobuf-ts/runtime': 2.11.1
      '@types/ws': 8.18.1
      ws: 8.21.1
    transitivePeerDependencies:
      - bufferutil
      - utf-8-validate

  '@epicgames-ps/lib-pixelstreamingfrontend-ue5.5@1.3.0':
    dependencies:
      '@epicgames-ps/lib-pixelstreamingcommon-ue5.5': 0.3.3
      sdp: 3.2.2
    transitivePeerDependencies:
      - bufferutil
      - utf-8-validate

  '@img/colour@1.1.0':
    optional: true

  '@img/sharp-darwin-arm64@0.34.5':
    optionalDependencies:
      '@img/sharp-libvips-darwin-arm64': 1.2.4
    optional: true

  '@img/sharp-darwin-x64@0.34.5':
    optionalDependencies:
      '@img/sharp-libvips-darwin-x64': 1.2.4
    optional: true

  '@img/sharp-libvips-darwin-arm64@1.2.4':
    optional: true

  '@img/sharp-libvips-darwin-x64@1.2.4':
    optional: true

  '@img/sharp-libvips-linux-arm64@1.2.4':
    optional: true

  '@img/sharp-libvips-linux-arm@1.2.4':
    optional: true

  '@img/sharp-libvips-linux-ppc64@1.2.4':
    optional: true

  '@img/sharp-libvips-linux-riscv64@1.2.4':
    optional: true

  '@img/sharp-libvips-linux-s390x@1.2.4':
    optional: true

  '@img/sharp-libvips-linux-x64@1.2.4':
    optional: true

  '@img/sharp-libvips-linuxmusl-arm64@1.2.4':
    optional: true

  '@img/sharp-libvips-linuxmusl-x64@1.2.4':
    optional: true

  '@img/sharp-linux-arm64@0.34.5':
    optionalDependencies:
      '@img/sharp-libvips-linux-arm64': 1.2.4
    optional: true

  '@img/sharp-linux-arm@0.34.5':
    optionalDependencies:
      '@img/sharp-libvips-linux-arm': 1.2.4
    optional: true

  '@img/sharp-linux-ppc64@0.34.5':
    optionalDependencies:
      '@img/sharp-libvips-linux-ppc64': 1.2.4
    optional: true

  '@img/sharp-linux-riscv64@0.34.5':
    optionalDependencies:
      '@img/sharp-libvips-linux-riscv64': 1.2.4
    optional: true

  '@img/sharp-linux-s390x@0.34.5':
    optionalDependencies:
      '@img/sharp-libvips-linux-s390x': 1.2.4
    optional: true

  '@img/sharp-linux-x64@0.34.5':
    optionalDependencies:
      '@img/sharp-libvips-linux-x64': 1.2.4
    optional: true

  '@img/sharp-linuxmusl-arm64@0.34.5':
    optionalDependencies:
      '@img/sharp-libvips-linuxmusl-arm64': 1.2.4
    optional: true

  '@img/sharp-linuxmusl-x64@0.34.5':
    optionalDependencies:
      '@img/sharp-libvips-linuxmusl-x64': 1.2.4
    optional: true

  '@img/sharp-wasm32@0.34.5':
    dependencies:
      '@emnapi/runtime': 1.11.3
    optional: true

  '@img/sharp-win32-arm64@0.34.5':
    optional: true

  '@img/sharp-win32-ia32@0.34.5':
    optional: true

  '@img/sharp-win32-x64@0.34.5':
    optional: true

  '@mediapipe/tasks-vision@1.0.1': {}

  '@next/env@16.2.12': {}

  '@next/swc-darwin-arm64@16.2.12':
    optional: true

  '@next/swc-darwin-x64@16.2.12':
    optional: true

  '@next/swc-linux-arm64-gnu@16.2.12':
    optional: true

  '@next/swc-linux-arm64-musl@16.2.12':
    optional: true

  '@next/swc-linux-x64-gnu@16.2.12':
    optional: true

  '@next/swc-linux-x64-musl@16.2.12':
    optional: true

  '@next/swc-win32-arm64-msvc@16.2.12':
    optional: true

  '@next/swc-win32-x64-msvc@16.2.12':
    optional: true

  '@next/third-parties@16.2.12(next@16.2.12(react-dom@19.2.8(react@19.2.8))(react@19.2.8))(react@19.2.8)':
    dependencies:
      next: 16.2.12(react-dom@19.2.8(react@19.2.8))(react@19.2.8)
      react: 19.2.8
      third-party-capital: 1.0.20

  '@protobuf-ts/runtime@2.11.1': {}

  '@swc/helpers@0.5.15':
    dependencies:
      tslib: 2.8.1

  '@tootallnate/once@2.0.1': {}

  '@types/node@12.20.55': {}

  '@types/node@20.19.43':
    dependencies:
      undici-types: 6.21.0

  '@types/node@22.20.2':
    dependencies:
      undici-types: 6.21.0

  '@types/node@26.1.2':
    dependencies:
      undici-types: 8.3.0

  '@types/node@26.5.1':
    dependencies:
      undici-types: 8.9.0

  '@types/react-dom@19.2.3(@types/react@19.2.17)':
    dependencies:
      '@types/react': 19.2.17

  '@types/react@19.2.17':
    dependencies:
      csstype: 3.2.3

  '@types/ws@8.18.1':
    dependencies:
      '@types/node': 26.5.1

  agent-base@6.0.2:
    dependencies:
      debug: 4.4.3
    transitivePeerDependencies:
      - supports-color

  baseline-browser-mapping@2.11.5: {}

  caniuse-lite@1.0.30001806: {}

  client-only@0.0.1: {}

  csstype@3.2.3: {}

  debug@4.4.3:
    dependencies:
      ms: 2.1.3

  detect-libc@2.1.2:
    optional: true

  hls.js@1.6.16: {}

  http-proxy-agent@5.0.0:
    dependencies:
      '@tootallnate/once': 2.0.1
      agent-base: 6.0.2
      debug: 4.4.3
    transitivePeerDependencies:
      - supports-color

  https-proxy-agent@5.0.1:
    dependencies:
      agent-base: 6.0.2
      debug: 4.4.3
    transitivePeerDependencies:
      - supports-color

  httpx@2.3.3:
    dependencies:
      '@types/node': 20.19.43
      debug: 4.4.3
    transitivePeerDependencies:
      - supports-color

  ini@1.3.8: {}

  ip-address@10.7.0: {}

  kitx@2.2.0:
    dependencies:
      '@types/node': 22.20.2

  lodash@4.18.1: {}

  lucide-react@1.27.0(react@19.2.8):
    dependencies:
      react: 19.2.8

  moment-timezone@0.5.48:
    dependencies:
      moment: 2.30.1

  moment@2.30.1: {}

  ms@2.1.3: {}

  nanoid@3.3.16: {}

  next@16.2.12(react-dom@19.2.8(react@19.2.8))(react@19.2.8):
    dependencies:
      '@next/env': 16.2.12
      '@swc/helpers': 0.5.15
      baseline-browser-mapping: 2.11.5
      caniuse-lite: 1.0.30001806
      postcss: 8.4.31
      react: 19.2.8
      react-dom: 19.2.8(react@19.2.8)
      styled-jsx: 5.1.6(react@19.2.8)
    optionalDependencies:
      '@next/swc-darwin-arm64': 16.2.12
      '@next/swc-darwin-x64': 16.2.12
      '@next/swc-linux-arm64-gnu': 16.2.12
      '@next/swc-linux-arm64-musl': 16.2.12
      '@next/swc-linux-x64-gnu': 16.2.12
      '@next/swc-linux-x64-musl': 16.2.12
      '@next/swc-win32-arm64-msvc': 16.2.12
      '@next/swc-win32-x64-msvc': 16.2.12
      sharp: 0.34.5
    transitivePeerDependencies:
      - '@babel/core'
      - babel-plugin-macros

  picocolors@1.1.1: {}

  postcss@8.4.31:
    dependencies:
      nanoid: 3.3.16
      picocolors: 1.1.1
      source-map-js: 1.2.1

  react-dom@19.2.8(react@19.2.8):
    dependencies:
      react: 19.2.8
      scheduler: 0.27.0

  react@19.2.8: {}

  sax@1.6.1: {}

  scheduler@0.27.0: {}

  sdp@3.2.2: {}

  semver@7.8.5:
    optional: true

  sharp@0.34.5:
    dependencies:
      '@img/colour': 1.1.0
      detect-libc: 2.1.2
      semver: 7.8.5
    optionalDependencies:
      '@img/sharp-darwin-arm64': 0.34.5
      '@img/sharp-darwin-x64': 0.34.5
      '@img/sharp-libvips-darwin-arm64': 1.2.4
      '@img/sharp-libvips-darwin-x64': 1.2.4
      '@img/sharp-libvips-linux-arm': 1.2.4
      '@img/sharp-libvips-linux-arm64': 1.2.4
      '@img/sharp-libvips-linux-ppc64': 1.2.4
      '@img/sharp-libvips-linux-riscv64': 1.2.4
      '@img/sharp-libvips-linux-s390x': 1.2.4
      '@img/sharp-libvips-linux-x64': 1.2.4
      '@img/sharp-libvips-linuxmusl-arm64': 1.2.4
      '@img/sharp-libvips-linuxmusl-x64': 1.2.4
      '@img/sharp-linux-arm': 0.34.5
      '@img/sharp-linux-arm64': 0.34.5
      '@img/sharp-linux-ppc64': 0.34.5
      '@img/sharp-linux-riscv64': 0.34.5
      '@img/sharp-linux-s390x': 0.34.5
      '@img/sharp-linux-x64': 0.34.5
      '@img/sharp-linuxmusl-arm64': 0.34.5
      '@img/sharp-linuxmusl-x64': 0.34.5
      '@img/sharp-wasm32': 0.34.5
      '@img/sharp-win32-arm64': 0.34.5
      '@img/sharp-win32-ia32': 0.34.5
      '@img/sharp-win32-x64': 0.34.5
    optional: true

  sm3@1.0.3: {}

  smart-buffer@4.2.0: {}

  socks-proxy-agent@6.2.1:
    dependencies:
      agent-base: 6.0.2
      debug: 4.4.3
      socks: 2.8.10
    transitivePeerDependencies:
      - supports-color

  socks@2.8.10:
    dependencies:
      ip-address: 10.7.0
      smart-buffer: 4.2.0

  source-map-js@1.2.1: {}

  styled-jsx@5.1.6(react@19.2.8):
    dependencies:
      client-only: 0.0.1
      react: 19.2.8

  third-party-capital@1.0.20: {}

  three@0.185.1: {}

  tslib@2.8.1: {}

  typescript@5.9.3: {}

  undici-types@6.21.0: {}

  undici-types@8.3.0: {}

  undici-types@8.9.0: {}

  ws@8.21.1: {}

  xml2js@0.6.2:
    dependencies:
      sax: 1.6.1
      xmlbuilder: 11.0.1

  xmlbuilder@11.0.1: {}
